
Microsoft Visual Studio Solution File, Format Version 12.00
# Visual Studio Version 17
VisualStudioVersion = 17.0.31903.59
MinimumVisualStudioVersion = 10.0.40219.1
Project("{2150E333-8FDC-42A3-9474-1A3956D46DE8}") = "src", "src", "{827E0CD3-B72D-47B6-A68D-7590B98EB39B}"
EndProject
Project("{FAE04EC0-301F-11D3-BF4B-00C04F79EFBC}") = "TaskManagement.Api", "src\TaskManagement.Api\TaskManagement.Api.csproj", "{04603761-B69F-4505-8419-47C4BA294532}"
EndProject
Project("{FAE04EC0-301F-11D3-BF4B-00C04F79EFBC}") = "TaskManagement.Application", "src\TaskManagement.Application\TaskManagement.Application.csproj", "{0E256DEF-F2BE-4E99-BC62-DA7F7625F759}"
EndProject
Project("{FAE04EC0-301F-11D3-BF4B-00C04F79EFBC}") = "TaskManagement.Domain", "src\TaskManagement.Domain\TaskManagement.Domain.csproj", "{5ABF1C70-BB4D-41A4-AD2F-62A85E004920}"
EndProject
Project("{FAE04EC0-301F-11D3-BF4B-00C04F79EFBC}") = "TaskManagement.Infrastructure", "src\TaskManagement.Infrastructure\TaskManagement.Infrastructure.csproj", "{4E9128DE-AA57-463C-AD85-9BAD09C0209A}"
EndProject
Project("{2150E333-8FDC-42A3-9474-1A3956D46DE8}") = "tests", "tests", "{0AB3BF05-4346-4AA6-1389-037BE0695223}"
EndProject
Project("{FAE04EC0-301F-11D3-BF4B-00C04F79EFBC}") = "TaskManagement.Tests", "tests\TaskManagement.Tests\TaskManagement.Tests.csproj", "{B481F85F-99AE-4741-8918-D4AC01B2641A}"
EndProject
Global
	GlobalSection(SolutionConfigurationPlatforms) = preSolution
		Debug|Any CPU = Debug|Any CPU
		Debug|x64 = Debug|x64
		Debug|x86 = Debug|x86
		Release|Any CPU = Release|Any CPU
		Release|x64 = Release|x64
		Release|x86 = Release|x86
	EndGlobalSection
	GlobalSection(ProjectConfigurationPlatforms) = postSolution
		{04603761-B69F-4505-8419-47C4BA294532}.Debug|Any CPU.ActiveCfg = Debug|Any CPU
		{04603761-B69F-4505-8419-47C4BA294532}.Debug|Any CPU.Build.0 = Debug|Any CPU
		{04603761-B69F-4505-8419-47C4BA294532}.Debug|x64.ActiveCfg = Debug|Any CPU
		{04603761-B69F-4505-8419-47C4BA294532}.Debug|x64.Build.0 = Debug|Any CPU
		{04603761-B69F-4505-8419-47C4BA294532}.Debug|x86.ActiveCfg = Debug|Any CPU
		{04603761-B69F-4505-8419-47C4BA294532}.Debug|x86.Build.0 = Debug|Any CPU
		{04603761-B69F-4505-8419-47C4BA294532}.Release|Any CPU.ActiveCfg = Release|Any CPU
		{04603761-B69F-4505-8419-47C4BA294532}.Release|Any CPU.Build.0 = Release|Any CPU
		{04603761-B69F-4505-8419-47C4BA294532}.Release|x64.ActiveCfg = Release|Any CPU
		{04603761-B69F-4505-8419-47C4BA294532}.Release|x64.Build.0 = Release|Any CPU
		{04603761-B69F-4505-8419-47C4BA294532}.Release|x86.ActiveCfg = Release|Any CPU
		{04603761-B69F-4505-8419-47C4BA294532}.Release|x86.Build.0 = Release|Any CPU
		{0E256DEF-F2BE-4E99-BC62-DA7F7625F759}.Debug|Any CPU.ActiveCfg = Debug|Any CPU
		{0E256DEF-F2BE-4E99-BC62-DA7F7625F759}.Debug|Any CPU.Build.0 = Debug|Any CPU
		{0E256DEF-F2BE-4E99-BC62-DA7F7625F759}.Debug|x64.ActiveCfg = Debug|Any CPU
		{0E256DEF-F2BE-4E99-BC62-DA7F7625F759}.Debug|x64.Build.0 = Debug|Any CPU
		{0E256DEF-F2BE-4E99-BC62-DA7F7625F759}.Debug|x86.ActiveCfg = Debug|Any CPU
		{0E256DEF-F2BE-4E99-BC62-DA7F7625F759}.Debug|x86.Build.0 = Debug|Any CPU
		{0E256DEF-F2BE-4E99-BC62-DA7F7625F759}.Release|Any CPU.ActiveCfg = Release|Any CPU
		{0E256DEF-F2BE-4E99-BC62-DA7F7625F759}.Release|Any CPU.Build.0 = Release|Any CPU
		{0E256DEF-F2BE-4E99-BC62-DA7F7625F759}.Release|x64.ActiveCfg = Release|Any CPU
		{0E256DEF-F2BE-4E99-BC62-DA7F7625F759}.Release|x64.Build.0 = Release|Any CPU
		{0E256DEF-F2BE-4E99-BC62-DA7F7625F759}.Release|x86.ActiveCfg = Release|Any CPU
		{0E256DEF-F2BE-4E99-BC62-DA7F7625F759}.Release|x86.Build.0 = Release|Any CPU
		{5ABF1C70-BB4D-41A4-AD2F-62A85E004920}.Debug|Any CPU.ActiveCfg = Debug|Any CPU
		{5ABF1C70-BB4D-41A4-AD2F-62A85E004920}.Debug|Any CPU.Build.0 = Debug|Any CPU
		{5ABF1C70-BB4D-41A4-AD2F-62A85E004920}.Debug|x64.ActiveCfg = Debug|Any CPU
		{5ABF1C70-BB4D-41A4-AD2F-62A85E004920}.Debug|x64.Build.0 = Debug|Any CPU
		{5ABF1C70-BB4D-41A4-AD2F-62A85E004920}.Debug|x86.ActiveCfg = Debug|Any CPU
		{5ABF1C70-BB4D-41A4-AD2F-62A85E004920}.Debug|x86.Build.0 = Debug|Any CPU
		{5ABF1C70-BB4D-41A4-AD2F-62A85E004920}.Release|Any CPU.ActiveCfg = Release|Any CPU
		{5ABF1C70-BB4D-41A4-AD2F-62A85E004920}.Release|Any CPU.Build.0 = Release|Any CPU
		{5ABF1C70-BB4D-41A4-AD2F-62A85E004920}.Release|x64.ActiveCfg = Release|Any CPU
		{5ABF1C70-BB4D-41A4-AD2F-62A85E004920}.Release|x64.Build.0 = Release|Any CPU
		{5ABF1C70-BB4D-41A4-AD2F-62A85E004920}.Release|x86.ActiveCfg = Release|Any CPU
		{5ABF1C70-BB4D-41A4-AD2F-62A85E004920}.Release|x86.Build.0 = Release|Any CPU
		{4E9128DE-AA57-463C-AD85-9BAD09C0209A}.Debug|Any CPU.ActiveCfg = Debug|Any CPU
		{4E9128DE-AA57-463C-AD85-9BAD09C0209A}.Debug|Any CPU.Build.0 = Debug|Any CPU
		{4E9128DE-AA57-463C-AD85-9BAD09C0209A}.Debug|x64.ActiveCfg = Debug|Any CPU
		{4E9128DE-AA57-463C-AD85-9BAD09C0209A}.Debug|x64.Build.0 = Debug|Any CPU
		{4E9128DE-AA57-463C-AD85-9BAD09C0209A}.Debug|x86.ActiveCfg = Debug|Any CPU
		{4E9128DE-AA57-463C-AD85-9BAD09C0209A}.Debug|x86.Build.0 = Debug|Any CPU
		{4E9128DE-AA57-463C-AD85-9BAD09C0209A}.Release|Any CPU.ActiveCfg = Release|Any CPU
		{4E9128DE-AA57-463C-AD85-9BAD09C0209A}.Release|Any CPU.Build.0 = Release|Any CPU
		{4E9128DE-AA57-463C-AD85-9BAD09C0209A}.Release|x64.ActiveCfg = Release|Any CPU
		{4E9128DE-AA57-463C-AD85-9BAD09C0209A}.Release|x64.Build.0 = Release|Any CPU
		{4E9128DE-AA57-463C-AD85-9BAD09C0209A}.Release|x86.ActiveCfg = Release|Any CPU
		{4E9128DE-AA57-463C-AD85-9BAD09C0209A}.Release|x86.Build.0 = Release|Any CPU
		{B481F85F-99AE-4741-8918-D4AC01B2641A}.Debug|Any CPU.ActiveCfg = Debug|Any CPU
		{B481F85F-99AE-4741-8918-D4AC01B2641A}.Debug|Any CPU.Build.0 = Debug|Any CPU
		{B481F85F-99AE-4741-8918-D4AC01B2641A}.Debug|x64.ActiveCfg = Debug|Any CPU
		{B481F85F-99AE-4741-8918-D4AC01B2641A}.Debug|x64.Build.0 = Debug|Any CPU
		{B481F85F-99AE-4741-8918-D4AC01B2641A}.Debug|x86.ActiveCfg = Debug|Any CPU
		{B481F85F-99AE-4741-8918-D4AC01B2641A}.Debug|x86.Build.0 = Debug|Any CPU
		{B481F85F-99AE-4741-8918-D4AC01B2641A}.Release|Any CPU.ActiveCfg = Release|Any CPU
		{B481F85F-99AE-4741-8918-D4AC01B2641A}.Release|Any CPU.Build.0 = Release|Any CPU
		{B481F85F-99AE-4741-8918-D4AC01B2641A}.Release|x64.ActiveCfg = Release|Any CPU
		{B481F85F-99AE-4741-8918-D4AC01B2641A}.Release|x64.Build.0 = Release|Any CPU
		{B481F85F-99AE-4741-8918-D4AC01B2641A}.Release|x86.ActiveCfg = Release|Any CPU
		{B481F85F-99AE-4741-8918-D4AC01B2641A}.Release|x86.Build.0 = Release|Any CPU
	EndGlobalSection
	GlobalSection(SolutionProperties) = preSolution
		HideSolutionNode = FALSE
	EndGlobalSection
	GlobalSection(NestedProjects) = preSolution
		{04603761-B69F-4505-8419-47C4BA294532} = {827E0CD3-B72D-47B6-A68D-7590B98EB39B}
		{0E256DEF-F2BE-4E99-BC62-DA7F7625F759} = {827E0CD3-B72D-47B6-A68D-7590B98EB39B}
		{5ABF1C70-BB4D-41A4-AD2F-62A85E004920} = {827E0CD3-B72D-47B6-A68D-7590B98EB39B}
		{4E9128DE-AA57-463C-AD85-9BAD09C0209A} = {827E0CD3-B72D-47B6-A68D-7590B98EB39B}
		{B481F85F-99AE-4741-8918-D4AC01B2641A} = {0AB3BF05-4346-4AA6-1389-037BE0695223}
	EndGlobalSection
EndGlobal
